
Microsoft Visual Studio Solution File, Format Version 12.00
# Visual Studio Version 17
VisualStudioVersion = 17.4.33213.308
MinimumVisualStudioVersion = 10.0.40219.1
Project("{FAE04EC0-301F-11D3-BF4B-00C04F79EFBC}") = "VeterinaryApi", "VeterinaryApi\VeterinaryApi.csproj", "{532DDF57-A8AF-42A1-AE3C-D16C63AC193C}"
EndProject
Global
	GlobalSection(SolutionConfigurationPlatforms) = preSolution
		Debug|Any CPU = Debug|Any CPU
		Release|Any CPU = Release|Any CPU
	EndGlobalSection
	GlobalSection(ProjectConfigurationPlatforms) = postSolution
		{532DDF57-A8AF-42A1-AE3C-D16C63AC193C}.Debug|Any CPU.ActiveCfg = Debug|Any CPU
		{532DDF57-A8AF-42A1-AE3C-D16C63AC193C}.Debug|Any CPU.Build.0 = Debug|Any CPU
		{532DDF57-A8AF-42A1-AE3C-D16C63AC193C}.Release|Any CPU.ActiveCfg = Release|Any CPU
		{532DDF57-A8AF-42A1-AE3C-D16C63AC193C}.Release|Any CPU.Build.0 = Release|Any CPU
	EndGlobalSection
	GlobalSection(SolutionProperties) = preSolution
		HideSolutionNode = FALSE
	EndGlobalSection
	GlobalSection(ExtensibilityGlobals) = postSolution
		SolutionGuid = {FA1D0E24-66E0-46D5-B70C-C4CF042628FD}
	EndGlobalSection
EndGlobal
